Microsoft Visual Studio Solution File, Format Version 12.00
# Visual Studio 2012
Project("{FAE04EC0-301F-11D3-BF4B-00C04F79EFBC}") = "Teleporter Chess", "Teleporter Chess.csproj", "{C46139E6-3821-4ED2-94F0-02714EFA4EDF}"
EndProject
Global
	GlobalSection(SolutionConfigurationPlatforms) = preSolution
	Debug|Any CPU = Debug|Any CPU
	ExportDebug|Any CPU = ExportDebug|Any CPU
	ExportRelease|Any CPU = ExportRelease|Any CPU
	EndGlobalSection
	GlobalSection(ProjectConfigurationPlatforms) = postSolution
		{C46139E6-3821-4ED2-94F0-02714EFA4EDF}.Debug|Any CPU.ActiveCfg = Debug|Any CPU
		{C46139E6-3821-4ED2-94F0-02714EFA4EDF}.Debug|Any CPU.Build.0 = Debug|Any CPU
		{C46139E6-3821-4ED2-94F0-02714EFA4EDF}.ExportDebug|Any CPU.ActiveCfg = ExportDebug|Any CPU
		{C46139E6-3821-4ED2-94F0-02714EFA4EDF}.ExportDebug|Any CPU.Build.0 = ExportDebug|Any CPU
		{C46139E6-3821-4ED2-94F0-02714EFA4EDF}.ExportRelease|Any CPU.ActiveCfg = ExportRelease|Any CPU
		{C46139E6-3821-4ED2-94F0-02714EFA4EDF}.ExportRelease|Any CPU.Build.0 = ExportRelease|Any CPU
	EndGlobalSection
EndGlobal
