Microsoft Visual Studio Solution File, Format Version 12.00
# Visual Studio 2012
Project("{FAE04EC0-301F-11D3-BF4B-00C04F79EFBC}") = "Teleporter Chess", "teleporter-chess\Teleporter Chess.csproj", "{38C9C3CB-4574-4943-AB02-6F59C4042943}"
EndProject
Global
	GlobalSection(SolutionConfigurationPlatforms) = preSolution
	Debug|Any CPU = Debug|Any CPU
	ExportDebug|Any CPU = ExportDebug|Any CPU
	ExportRelease|Any CPU = ExportRelease|Any CPU
	EndGlobalSection
	GlobalSection(ProjectConfigurationPlatforms) = postSolution
		{38C9C3CB-4574-4943-AB02-6F59C4042943}.Debug|Any CPU.ActiveCfg = Debug|Any CPU
		{38C9C3CB-4574-4943-AB02-6F59C4042943}.Debug|Any CPU.Build.0 = Debug|Any CPU
		{38C9C3CB-4574-4943-AB02-6F59C4042943}.ExportDebug|Any CPU.ActiveCfg = ExportDebug|Any CPU
		{38C9C3CB-4574-4943-AB02-6F59C4042943}.ExportDebug|Any CPU.Build.0 = ExportDebug|Any CPU
		{38C9C3CB-4574-4943-AB02-6F59C4042943}.ExportRelease|Any CPU.ActiveCfg = ExportRelease|Any CPU
		{38C9C3CB-4574-4943-AB02-6F59C4042943}.ExportRelease|Any CPU.Build.0 = ExportRelease|Any CPU
	EndGlobalSection
EndGlobal
